# THIS IS AN AUTOGENERATED FILE. DO NOT EDIT THIS FILE DIRECTLY.
# yarn lockfile v1


"@tanstack/match-sorter-utils@^8.7.0":
  version "8.8.4"
  resolved "https://registry.yarnpkg.com/@tanstack/match-sorter-utils/-/match-sorter-utils-8.8.4.tgz#0b2864d8b7bac06a9f84cb903d405852cc40a457"
  integrity sha512-rKH8LjZiszWEvmi01NR72QWZ8m4xmXre0OOwlRGnjU01Eqz/QnN+cqpty2PJ0efHblq09+KilvyR7lsbzmXVEw==
  dependencies:
    remove-accents "0.4.2"

"@tanstack/query-core@4.27.0":
  version "4.27.0"
  resolved "https://registry.yarnpkg.com/@tanstack/query-core/-/query-core-4.27.0.tgz#96bcef499008ea080b66611d029655e3ffdf8bea"
  integrity sha512-sm+QncWaPmM73IPwFlmWSKPqjdTXZeFf/7aEmWh00z7yl2FjqophPt0dE1EHW9P1giMC5rMviv7OUbSDmWzXXA==

"@tanstack/react-query-devtools@^4.29.0":
  version "4.29.0"
  resolved "https://registry.yarnpkg.com/@tanstack/react-query-devtools/-/react-query-devtools-4.29.0.tgz#b4fb59f69cbe83c295658b56ca05ec699ea8e273"
  integrity sha512-bzotqin4Wa/GlPgJ2dI7eggQcbMDLIOwEClHGrkyie76DbT8vEEmEV9Kbh6kriKVSqCLpa9ZrgG/f8/Bx1zIwA==
  dependencies:
    "@tanstack/match-sorter-utils" "^8.7.0"
    superjson "^1.10.0"
    use-sync-external-store "^1.2.0"

"@tanstack/react-query@^4.28.0":
  version "4.28.0"
  resolved "https://registry.yarnpkg.com/@tanstack/react-query/-/react-query-4.28.0.tgz#01cb9969b15cbcbd5dcfcd4b264dc18ef0a35f86"
  integrity sha512-8cGBV5300RHlvYdS4ea+G1JcZIt5CIuprXYFnsWggkmGoC0b5JaqG0fIX3qwDL9PTNkKvG76NGThIWbpXivMrQ==
  dependencies:
    "@tanstack/query-core" "4.27.0"
    use-sync-external-store "^1.2.0"

copy-anything@^3.0.2:
  version "3.0.3"
  resolved "https://registry.yarnpkg.com/copy-anything/-/copy-anything-3.0.3.tgz#206767156f08da0e02efd392f71abcdf79643559"
  integrity sha512-fpW2W/BqEzqPp29QS+MwwfisHCQZtiduTe/m8idFo0xbti9fIZ2WVhAsCv4ggFVH3AgCkVdpoOCtQC6gBrdhjw==
  dependencies:
    is-what "^4.1.8"

is-what@^4.1.8:
  version "4.1.8"
  resolved "https://registry.yarnpkg.com/is-what/-/is-what-4.1.8.tgz#0e2a8807fda30980ddb2571c79db3d209b14cbe4"
  integrity sha512-yq8gMao5upkPoGEU9LsB2P+K3Kt8Q3fQFCGyNCWOAnJAMzEXVV9drYb0TXr42TTliLLhKIBvulgAXgtLLnwzGA==

remove-accents@0.4.2:
  version "0.4.2"
  resolved "https://registry.yarnpkg.com/remove-accents/-/remove-accents-0.4.2.tgz#0a43d3aaae1e80db919e07ae254b285d9e1c7bb5"
  integrity sha512-7pXIJqJOq5tFgG1A2Zxti3Ht8jJF337m4sowbuHsW30ZnkQFnDzy9qBNhgzX8ZLW4+UBcXiiR7SwR6pokHsxiA==

superjson@^1.10.0:
  version "1.12.2"
  resolved "https://registry.yarnpkg.com/superjson/-/superjson-1.12.2.tgz#072471f1e6add2d95a38b77fef8c7a199d82103a"
  integrity sha512-ugvUo9/WmvWOjstornQhsN/sR9mnGtWGYeTxFuqLb4AiT4QdUavjGFRALCPKWWnAiUJ4HTpytj5e0t5HoMRkXg==
  dependencies:
    copy-anything "^3.0.2"

use-sync-external-store@^1.2.0:
  version "1.2.0"
  resolved "https://registry.yarnpkg.com/use-sync-external-store/-/use-sync-external-store-1.2.0.tgz#7dbefd6ef3fe4e767a0cf5d7287aacfb5846928a"
  integrity sha512-eEgnFxGQ1Ife9bzYs6VLi8/4X6CObHMw9Qr9tPY43iKwsPw8xE8+EFsf/2cFZ5S3esXgpWgtSCtLNS41F+sKPA==
