# THIS IS AN AUTOGENERATED FILE. DO NOT EDIT THIS FILE DIRECTLY.
# yarn lockfile v1


"@babel/runtime-corejs3@^7.14.5":
  version "7.17.2"
  resolved "https://registry.yarnpkg.com/@babel/runtime-corejs3/-/runtime-corejs3-7.17.2.tgz#fdca2cd05fba63388babe85d349b6801b008fd13"
  integrity sha512-NcKtr2epxfIrNM4VOmPKO46TvDMCBhgi2CrSHaEarrz+Plk2K5r9QemmOFTGpZaoKnWoGH5MO+CzeRsih/Fcgg==
  dependencies:
    core-js-pure "^3.20.2"
    regenerator-runtime "^0.13.4"

core-js-pure@^3.20.2:
  version "3.21.1"
  resolved "https://registry.yarnpkg.com/core-js-pure/-/core-js-pure-3.21.1.tgz#8c4d1e78839f5f46208de7230cebfb72bc3bdb51"
  integrity sha512-12VZfFIu+wyVbBebyHmRTuEE/tZrB4tJToWcwAMcsp3h4+sHR+fMJWbKpYiCRWlhFBq+KNyO8rIV9rTkeVmznQ==

fxjs@^0.21.3:
  version "0.21.3"
  resolved "https://registry.yarnpkg.com/fxjs/-/fxjs-0.21.3.tgz#65ba890b374b7e42ed9b18994971e178c9d88a86"
  integrity sha512-8VubsQoPEm2bA+Q80Bh12cTWCnGpIi1T6e6Ot61ZfqbB3yoickB+//HJDpq+okdmu9gNQmnN7VpfRaT/aBdwXA==
  dependencies:
    "@babel/runtime-corejs3" "^7.14.5"

regenerator-runtime@^0.13.4:
  version "0.13.9"
  resolved "https://registry.yarnpkg.com/regenerator-runtime/-/regenerator-runtime-0.13.9.tgz#8925742a98ffd90814988d7566ad30ca3b263b52"
  integrity sha512-p3VT+cOEgxFsRRA9X4lkI1E+k2/CtnKtU4gcxyaCUreilL/vqI6CdZ3wxVUx3UOUg+gnUOQQcRI7BmSI656MYA==

rxjs@^7.5.4:
  version "7.5.4"
  resolved "https://registry.yarnpkg.com/rxjs/-/rxjs-7.5.4.tgz#3d6bd407e6b7ce9a123e76b1e770dc5761aa368d"
  integrity sha512-h5M3Hk78r6wAheJF0a5YahB1yRQKCsZ4MsGdZ5O9ETbVtjPcScGfrMmoOq7EBsCRzd4BDkvDJ7ogP8Sz5tTFiQ==
  dependencies:
    tslib "^2.1.0"

tslib@^2.1.0:
  version "2.3.1"
  resolved "https://registry.yarnpkg.com/tslib/-/tslib-2.3.1.tgz#e8a335add5ceae51aa261d32a490158ef042ef01"
  integrity sha512-77EbyPPpMz+FRFRuAFlWMtmgUWGe9UOG2Z25NqCwiIjRhOf5iKGuzSe5P2w1laq+FkRy4p+PCuVkJSGkzTEKVw==
